
Microsoft Visual Studio Solution File, Format Version 11.00
# Visual Studio 2010
Project("{2150E333-8FDC-42A3-9474-1A3956D46DE8}") = "Solution Items", "Solution Items", "{C17C53D2-F3F0-4919-BAD5-7677F3E49115}"
	ProjectSection(SolutionItems) = preProject
		README.mdown = README.mdown
		Spackle.dll = Spackle.dll
	EndProjectSection
EndProject
Project("{FAE04EC0-301F-11D3-BF4B-00C04F79EFBC}") = "BinaryFinery.BareBonesGenerator", "BareBonesGenerator\BinaryFinery.BareBonesGenerator.csproj", "{B1C045CC-A020-4DB2-8C42-5E03AA9742D7}"
EndProject
Global
	GlobalSection(SolutionConfigurationPlatforms) = preSolution
		Debug|Any CPU = Debug|Any CPU
		Release|Any CPU = Release|Any CPU
	EndGlobalSection
	GlobalSection(ProjectConfigurationPlatforms) = postSolution
		{B1C045CC-A020-4DB2-8C42-5E03AA9742D7}.Debug|Any CPU.ActiveCfg = Debug|Any CPU
		{B1C045CC-A020-4DB2-8C42-5E03AA9742D7}.Debug|Any CPU.Build.0 = Debug|Any CPU
		{B1C045CC-A020-4DB2-8C42-5E03AA9742D7}.Release|Any CPU.ActiveCfg = Release|Any CPU
		{B1C045CC-A020-4DB2-8C42-5E03AA9742D7}.Release|Any CPU.Build.0 = Release|Any CPU
	EndGlobalSection
	GlobalSection(SolutionProperties) = preSolution
		HideSolutionNode = FALSE
	EndGlobalSection
EndGlobal
